
Microsoft Visual Studio Solution File, Format Version 12.00
Project("{FAE04EC0-301F-11D3-BF4B-00C04F79EFBC}") = "Abyzova", "Abyzova\Abyzova.csproj", "{6FCEFA5F-E14D-4B51-A853-64D2D664772C}"
EndProject
Project("{FAE04EC0-301F-11D3-BF4B-00C04F79EFBC}") = "Abyzova.Tests", "Abyzova.Tests\Abyzova.Tests.csproj", "{8BDC7196-537C-4CF4-A741-B3CE7B44F0E7}"
EndProject
Global
	GlobalSection(SolutionConfigurationPlatforms) = preSolution
		Debug|Any CPU = Debug|Any CPU
		Release|Any CPU = Release|Any CPU
	EndGlobalSection
	GlobalSection(ProjectConfigurationPlatforms) = postSolution
		{6FCEFA5F-E14D-4B51-A853-64D2D664772C}.Debug|Any CPU.ActiveCfg = Debug|Any CPU
		{6FCEFA5F-E14D-4B51-A853-64D2D664772C}.Debug|Any CPU.Build.0 = Debug|Any CPU
		{6FCEFA5F-E14D-4B51-A853-64D2D664772C}.Release|Any CPU.ActiveCfg = Release|Any CPU
		{6FCEFA5F-E14D-4B51-A853-64D2D664772C}.Release|Any CPU.Build.0 = Release|Any CPU
		{8BDC7196-537C-4CF4-A741-B3CE7B44F0E7}.Debug|Any CPU.ActiveCfg = Debug|Any CPU
		{8BDC7196-537C-4CF4-A741-B3CE7B44F0E7}.Debug|Any CPU.Build.0 = Debug|Any CPU
		{8BDC7196-537C-4CF4-A741-B3CE7B44F0E7}.Release|Any CPU.ActiveCfg = Release|Any CPU
		{8BDC7196-537C-4CF4-A741-B3CE7B44F0E7}.Release|Any CPU.Build.0 = Release|Any CPU
	EndGlobalSection
EndGlobal
