
Microsoft Visual Studio Solution File, Format Version 12.00
Project("{FAE04EC0-301F-11D3-BF4B-00C04F79EFBC}") = "Abyzova", "Abyzova\Abyzova.csproj", "{6FCEFA5F-E14D-4B51-A853-64D2D664772C}"
EndProject
Project("{FAE04EC0-301F-11D3-BF4B-00C04F79EFBC}") = "Abyzova.Tests", "Abyzova.Tests\Abyzova.Tests.csproj", "{8BDC7196-537C-4CF4-A741-B3CE7B44F0E7}"
EndProject
Project("{FAE04EC0-301F-11D3-BF4B-00C04F79EFBC}") = "Abyzova.Exercises", "Abyzova.Exercises\Abyzova.Exercises.csproj", "{97534736-204B-45C9-A87C-9B48F57C7954}"
EndProject
Project("{FAE04EC0-301F-11D3-BF4B-00C04F79EFBC}") = "Abyzova.Reader", "Abyzova.Reader\Abyzova.Reader.csproj", "{8EA798D7-FDAB-4406-B5B0-8719EC254B7B}"
EndProject
Project("{FAE04EC0-301F-11D3-BF4B-00C04F79EFBC}") = "Abyzova.Tools", "Abyzova.Tools\Abyzova.Tools.csproj", "{9A33EC68-A1BA-4EA3-892A-A52FE605CDA7}"
EndProject
Global
	GlobalSection(SolutionConfigurationPlatforms) = preSolution
		Debug|Any CPU = Debug|Any CPU
		Release|Any CPU = Release|Any CPU
	EndGlobalSection
	GlobalSection(ProjectConfigurationPlatforms) = postSolution
		{6FCEFA5F-E14D-4B51-A853-64D2D664772C}.Debug|Any CPU.ActiveCfg = Debug|Any CPU
		{6FCEFA5F-E14D-4B51-A853-64D2D664772C}.Debug|Any CPU.Build.0 = Debug|Any CPU
		{6FCEFA5F-E14D-4B51-A853-64D2D664772C}.Release|Any CPU.ActiveCfg = Release|Any CPU
		{6FCEFA5F-E14D-4B51-A853-64D2D664772C}.Release|Any CPU.Build.0 = Release|Any CPU
		{8BDC7196-537C-4CF4-A741-B3CE7B44F0E7}.Debug|Any CPU.ActiveCfg = Debug|Any CPU
		{8BDC7196-537C-4CF4-A741-B3CE7B44F0E7}.Debug|Any CPU.Build.0 = Debug|Any CPU
		{8BDC7196-537C-4CF4-A741-B3CE7B44F0E7}.Release|Any CPU.ActiveCfg = Release|Any CPU
		{8BDC7196-537C-4CF4-A741-B3CE7B44F0E7}.Release|Any CPU.Build.0 = Release|Any CPU
		{97534736-204B-45C9-A87C-9B48F57C7954}.Debug|Any CPU.ActiveCfg = Debug|Any CPU
		{97534736-204B-45C9-A87C-9B48F57C7954}.Debug|Any CPU.Build.0 = Debug|Any CPU
		{97534736-204B-45C9-A87C-9B48F57C7954}.Release|Any CPU.ActiveCfg = Release|Any CPU
		{97534736-204B-45C9-A87C-9B48F57C7954}.Release|Any CPU.Build.0 = Release|Any CPU
		{8EA798D7-FDAB-4406-B5B0-8719EC254B7B}.Debug|Any CPU.ActiveCfg = Debug|Any CPU
		{8EA798D7-FDAB-4406-B5B0-8719EC254B7B}.Debug|Any CPU.Build.0 = Debug|Any CPU
		{8EA798D7-FDAB-4406-B5B0-8719EC254B7B}.Release|Any CPU.ActiveCfg = Release|Any CPU
		{8EA798D7-FDAB-4406-B5B0-8719EC254B7B}.Release|Any CPU.Build.0 = Release|Any CPU
		{9A33EC68-A1BA-4EA3-892A-A52FE605CDA7}.Debug|Any CPU.ActiveCfg = Debug|Any CPU
		{9A33EC68-A1BA-4EA3-892A-A52FE605CDA7}.Debug|Any CPU.Build.0 = Debug|Any CPU
		{9A33EC68-A1BA-4EA3-892A-A52FE605CDA7}.Release|Any CPU.ActiveCfg = Release|Any CPU
		{9A33EC68-A1BA-4EA3-892A-A52FE605CDA7}.Release|Any CPU.Build.0 = Release|Any CPU
	EndGlobalSection
EndGlobal
